// !$*UTF8*$!
{
	archiveVersion = 1;
	classes = {
	};
	objectVersion = 48;
	objects = {

/* Begin PBXBuildFile section */
		4A3C27391F96098E00880801 /* AppDelegate.m in Sources */ = {isa = PBXBuildFile; fileRef = 4A3C27381F96098E00880801 /* AppDelegate.m */; };
		4A3C273C1F96098E00880801 /* ViewController.m in Sources */ = {isa = PBXBuildFile; fileRef = 4A3C273B1F96098E00880801 /* ViewController.m */; };
		4A3C273F1F96098E00880801 /* Main.storyboard in Resources */ = {isa = PBXBuildFile; fileRef = 4A3C273D1F96098E00880801 /* Main.storyboard */; };
		4A3C27411F96098E00880801 /* Assets.xcassets in Resources */ = {isa = PBXBuildFile; fileRef = 4A3C27401F96098E00880801 /* Assets.xcassets */; };
		4A3C27441F96098E00880801 /* LaunchScreen.storyboard in Resources */ = {isa = PBXBuildFile; fileRef = 4A3C27421F96098E00880801 /* LaunchScreen.storyboard */; };
		4A3C27471F96098E00880801 /* main.m in Sources */ = {isa = PBXBuildFile; fileRef = 4A3C27461F96098E00880801 /* main.m */; };
		4A3C27511F96098F00880801 /* setValueforKeyTests.m in Sources */ = {isa = PBXBuildFile; fileRef = 4A3C27501F96098F00880801 /* setValueforKeyTests.m */; };
		4A3C275C1F96098F00880801 /* setValueforKeyUITests.m in Sources */ = {isa = PBXBuildFile; fileRef = 4A3C275B1F96098F00880801 /* setValueforKeyUITests.m */; };
		4A3C276B1F960A7500880801 /* AuthenticationModel.m in Sources */ = {isa = PBXBuildFile; fileRef = 4A3C276A1F960A7500880801 /* AuthenticationModel.m */; };
		4A3C276D1F960FCB00880801 /* test.json in Resources */ = {isa = PBXBuildFile; fileRef = 4A3C276C1F960FCB00880801 /* test.json */; };
		839B1E80CA51BE3A18B48261 /* libPods-setValueforKeyTests.a in Frameworks */ = {isa = PBXBuildFile; fileRef = 258F732974C641DF129910A7 /* libPods-setValueforKeyTests.a */; };
		A3099B152B88D07F6D6ED8D7 /* libPods-setValueforKey.a in Frameworks */ = {isa = PBXBuildFile; fileRef = CA361C12CA73A64DC2448170 /* libPods-setValueforKey.a */; };
		EDE8BB3D67F1EBD74D6ABAFF /* libPods-setValueforKeyUITests.a in Frameworks */ = {isa = PBXBuildFile; fileRef = 4E2CF4D08D1B755D6DC51982 /* libPods-setValueforKeyUITests.a */; };
/* End PBXBuildFile section */

/* Begin PBXContainerItemProxy section */
		4A3C274D1F96098E00880801 /* PBXContainerItemProxy */ = {
			isa = PBXContainerItemProxy;
			containerPortal = 4A3C272C1F96098E00880801 /* Project object */;
			proxyType = 1;
			remoteGlobalIDString = 4A3C27331F96098E00880801;
			remoteInfo = setValueforKey;
		};
		4A3C27581F96098F00880801 /* PBXContainerItemProxy */ = {
			isa = PBXContainerItemProxy;
			containerPortal = 4A3C272C1F96098E00880801 /* Project object */;
			proxyType = 1;
			remoteGlobalIDString = 4A3C27331F96098E00880801;
			remoteInfo = setValueforKey;
		};
/* End PBXContainerItemProxy section */

/* Begin PBXFileReference section */
		136628101ECC9CC5783F94B5 /* Pods-setValueforKeyUITests.debug.xcconfig */ = {isa = PBXFileReference; includeInIndex = 1; lastKnownFileType = text.xcconfig; name = "Pods-setValueforKeyUITests.debug.xcconfig"; path = "Pods/Target Support Files/Pods-setValueforKeyUITests/Pods-setValueforKeyUITests.debug.xcconfig"; sourceTree = "<group>"; };
		258F732974C641DF129910A7 /* libPods-setValueforKeyTests.a */ = {isa = PBXFileReference; explicitFileType = archive.ar; includeInIndex = 0; path = "libPods-setValueforKeyTests.a"; sourceTree = BUILT_PRODUCTS_DIR; };
		4A3C27341F96098E00880801 /* setValueforKey.app */ = {isa = PBXFileReference; explicitFileType = wrapper.application; includeInIndex = 0; path = setValueforKey.app; sourceTree = BUILT_PRODUCTS_DIR; };
		4A3C27371F96098E00880801 /* AppDelegate.h */ = {isa = PBXFileReference; lastKnownFileType = sourcecode.c.h; path = AppDelegate.h; sourceTree = "<group>"; };
		4A3C27381F96098E00880801 /* AppDelegate.m */ = {isa = PBXFileReference; lastKnownFileType = sourcecode.c.objc; path = AppDelegate.m; sourceTree = "<group>"; };
		4A3C273A1F96098E00880801 /* ViewController.h */ = {isa = PBXFileReference; lastKnownFileType = sourcecode.c.h; path = ViewController.h; sourceTree = "<group>"; };
		4A3C273B1F96098E00880801 /* ViewController.m */ = {isa = PBXFileReference; lastKnownFileType = sourcecode.c.objc; path = ViewController.m; sourceTree = "<group>"; };
		4A3C273E1F96098E00880801 /* Base */ = {isa = PBXFileReference; lastKnownFileType = file.storyboard; name = Base; path = Base.lproj/Main.storyboard; sourceTree = "<group>"; };
		4A3C27401F96098E00880801 /* Assets.xcassets */ = {isa = PBXFileReference; lastKnownFileType = folder.assetcatalog; path = Assets.xcassets; sourceTree = "<group>"; };
		4A3C27431F96098E00880801 /* Base */ = {isa = PBXFileReference; lastKnownFileType = file.storyboard; name = Base; path = Base.lproj/LaunchScreen.storyboard; sourceTree = "<group>"; };
		4A3C27451F96098E00880801 /* Info.plist */ = {isa = PBXFileReference; lastKnownFileType = text.plist.xml; path = Info.plist; sourceTree = "<group>"; };
		4A3C27461F96098E00880801 /* main.m */ = {isa = PBXFileReference; lastKnownFileType = sourcecode.c.objc; path = main.m; sourceTree = "<group>"; };
		4A3C274C1F96098E00880801 /* setValueforKeyTests.xctest */ = {isa = PBXFileReference; explicitFileType = wrapper.cfbundle; includeInIndex = 0; path = setValueforKeyTests.xctest; sourceTree = BUILT_PRODUCTS_DIR; };
		4A3C27501F96098F00880801 /* setValueforKeyTests.m */ = {isa = PBXFileReference; lastKnownFileType = sourcecode.c.objc; path = setValueforKeyTests.m; sourceTree = "<group>"; };
		4A3C27521F96098F00880801 /* Info.plist */ = {isa = PBXFileReference; lastKnownFileType = text.plist.xml; path = Info.plist; sourceTree = "<group>"; };
		4A3C27571F96098F00880801 /* setValueforKeyUITests.xctest */ = {isa = PBXFileReference; explicitFileType = wrapper.cfbundle; includeInIndex = 0; path = setValueforKeyUITests.xctest; sourceTree = BUILT_PRODUCTS_DIR; };
		4A3C275B1F96098F00880801 /* setValueforKeyUITests.m */ = {isa = PBXFileReference; lastKnownFileType = sourcecode.c.objc; path = setValueforKeyUITests.m; sourceTree = "<group>"; };
		4A3C275D1F96098F00880801 /* Info.plist */ = {isa = PBXFileReference; lastKnownFileType = text.plist.xml; path = Info.plist; sourceTree = "<group>"; };
		4A3C27691F960A7500880801 /* AuthenticationModel.h */ = {isa = PBXFileReference; lastKnownFileType = sourcecode.c.h; path = AuthenticationModel.h; sourceTree = "<group>"; };
		4A3C276A1F960A7500880801 /* AuthenticationModel.m */ = {isa = PBXFileReference; lastKnownFileType = sourcecode.c.objc; path = AuthenticationModel.m; sourceTree = "<group>"; };
		4A3C276C1F960FCB00880801 /* test.json */ = {isa = PBXFileReference; fileEncoding = 4; lastKnownFileType = text.json; path = test.json; sourceTree = "<group>"; };
		4E2CF4D08D1B755D6DC51982 /* libPods-setValueforKeyUITests.a */ = {isa = PBXFileReference; explicitFileType = archive.ar; includeInIndex = 0; path = "libPods-setValueforKeyUITests.a"; sourceTree = BUILT_PRODUCTS_DIR; };
		76B4B3F7AFEBC0D0E7B43877 /* Pods-setValueforKeyTests.debug.xcconfig */ = {isa = PBXFileReference; includeInIndex = 1; lastKnownFileType = text.xcconfig; name = "Pods-setValueforKeyTests.debug.xcconfig"; path = "Pods/Target Support Files/Pods-setValueforKeyTests/Pods-setValueforKeyTests.debug.xcconfig"; sourceTree = "<group>"; };
		9632B509042FBCC44C1E615C /* Pods-setValueforKeyTests.release.xcconfig */ = {isa = PBXFileReference; includeInIndex = 1; lastKnownFileType = text.xcconfig; name = "Pods-setValueforKeyTests.release.xcconfig"; path = "Pods/Target Support Files/Pods-setValueforKeyTests/Pods-setValueforKeyTests.release.xcconfig"; sourceTree = "<group>"; };
		9790662C1FE074A1C4273481 /* Pods-setValueforKey.debug.xcconfig */ = {isa = PBXFileReference; includeInIndex = 1; lastKnownFileType = text.xcconfig; name = "Pods-setValueforKey.debug.xcconfig"; path = "Pods/Target Support Files/Pods-setValueforKey/Pods-setValueforKey.debug.xcconfig"; sourceTree = "<group>"; };
		C1CB083202E2023B91EAD27F /* Pods-setValueforKey.release.xcconfig */ = {isa = PBXFileReference; includeInIndex = 1; lastKnownFileType = text.xcconfig; name = "Pods-setValueforKey.release.xcconfig"; path = "Pods/Target Support Files/Pods-setValueforKey/Pods-setValueforKey.release.xcconfig"; sourceTree = "<group>"; };
		C6DB7E8D25C1950AD88C2D93 /* Pods-setValueforKeyUITests.release.xcconfig */ = {isa = PBXFileReference; includeInIndex = 1; lastKnownFileType = text.xcconfig; name = "Pods-setValueforKeyUITests.release.xcconfig"; path = "Pods/Target Support Files/Pods-setValueforKeyUITests/Pods-setValueforKeyUITests.release.xcconfig"; sourceTree = "<group>"; };
		CA361C12CA73A64DC2448170 /* libPods-setValueforKey.a */ = {isa = PBXFileReference; explicitFileType = archive.ar; includeInIndex = 0; path = "libPods-setValueforKey.a"; sourceTree = BUILT_PRODUCTS_DIR; };
/* End PBXFileReference section */

/* Begin PBXFrameworksBuildPhase section */
		4A3C27311F96098E00880801 /* Frameworks */ = {
			isa = PBXFrameworksBuildPhase;
			buildActionMask = 2147483647;
			files = (
				A3099B152B88D07F6D6ED8D7 /* libPods-setValueforKey.a in Frameworks */,
			);
			runOnlyForDeploymentPostprocessing = 0;
		};
		4A3C27491F96098E00880801 /* Frameworks */ = {
			isa = PBXFrameworksBuildPhase;
			buildActionMask = 2147483647;
			files = (
				839B1E80CA51BE3A18B48261 /* libPods-setValueforKeyTests.a in Frameworks */,
			);
			runOnlyForDeploymentPostprocessing = 0;
		};
		4A3C27541F96098F00880801 /* Frameworks */ = {
			isa = PBXFrameworksBuildPhase;
			buildActionMask = 2147483647;
			files = (
				EDE8BB3D67F1EBD74D6ABAFF /* libPods-setValueforKeyUITests.a in Frameworks */,
			);
			runOnlyForDeploymentPostprocessing = 0;
		};
/* End PBXFrameworksBuildPhase section */

/* Begin PBXGroup section */
		01A2B0B5137465181B4718A4 /* Pods */ = {
			isa = PBXGroup;
			children = (
				9790662C1FE074A1C4273481 /* Pods-setValueforKey.debug.xcconfig */,
				C1CB083202E2023B91EAD27F /* Pods-setValueforKey.release.xcconfig */,
				76B4B3F7AFEBC0D0E7B43877 /* Pods-setValueforKeyTests.debug.xcconfig */,
				9632B509042FBCC44C1E615C /* Pods-setValueforKeyTests.release.xcconfig */,
				136628101ECC9CC5783F94B5 /* Pods-setValueforKeyUITests.debug.xcconfig */,
				C6DB7E8D25C1950AD88C2D93 /* Pods-setValueforKeyUITests.release.xcconfig */,
			);
			name = Pods;
			sourceTree = "<group>";
		};
		4A3C272B1F96098E00880801 = {
			isa = PBXGroup;
			children = (
				4A3C27361F96098E00880801 /* setValueforKey */,
				4A3C274F1F96098E00880801 /* setValueforKeyTests */,
				4A3C275A1F96098F00880801 /* setValueforKeyUITests */,
				4A3C27351F96098E00880801 /* Products */,
				01A2B0B5137465181B4718A4 /* Pods */,
				8EC9D548C6EC4224BA99024B /* Frameworks */,
			);
			sourceTree = "<group>";
		};
		4A3C27351F96098E00880801 /* Products */ = {
			isa = PBXGroup;
			children = (
				4A3C27341F96098E00880801 /* setValueforKey.app */,
				4A3C274C1F96098E00880801 /* setValueforKeyTests.xctest */,
				4A3C27571F96098F00880801 /* setValueforKeyUITests.xctest */,
			);
			name = Products;
			sourceTree = "<group>";
		};
		4A3C27361F96098E00880801 /* setValueforKey */ = {
			isa = PBXGroup;
			children = (
				4A3C276C1F960FCB00880801 /* test.json */,
				4A3C27371F96098E00880801 /* AppDelegate.h */,
				4A3C27381F96098E00880801 /* AppDelegate.m */,
				4A3C273A1F96098E00880801 /* ViewController.h */,
				4A3C273B1F96098E00880801 /* ViewController.m */,
				4A3C27691F960A7500880801 /* AuthenticationModel.h */,
				4A3C276A1F960A7500880801 /* AuthenticationModel.m */,
				4A3C273D1F96098E00880801 /* Main.storyboard */,
				4A3C27401F96098E00880801 /* Assets.xcassets */,
				4A3C27421F96098E00880801 /* LaunchScreen.storyboard */,
				4A3C27451F96098E00880801 /* Info.plist */,
				4A3C27461F96098E00880801 /* main.m */,
			);
			path = setValueforKey;
			sourceTree = "<group>";
		};
		4A3C274F1F96098E00880801 /* setValueforKeyTests */ = {
			isa = PBXGroup;
			children = (
				4A3C27501F96098F00880801 /* setValueforKeyTests.m */,
				4A3C27521F96098F00880801 /* Info.plist */,
			);
			path = setValueforKeyTests;
			sourceTree = "<group>";
		};
		4A3C275A1F96098F00880801 /* setValueforKeyUITests */ = {
			isa = PBXGroup;
			children = (
				4A3C275B1F96098F00880801 /* setValueforKeyUITests.m */,
				4A3C275D1F96098F00880801 /* Info.plist */,
			);
			path = setValueforKeyUITests;
			sourceTree = "<group>";
		};
		8EC9D548C6EC4224BA99024B /* Frameworks */ = {
			isa = PBXGroup;
			children = (
				CA361C12CA73A64DC2448170 /* libPods-setValueforKey.a */,
				258F732974C641DF129910A7 /* libPods-setValueforKeyTests.a */,
				4E2CF4D08D1B755D6DC51982 /* libPods-setValueforKeyUITests.a */,
			);
			name = Frameworks;
			sourceTree = "<group>";
		};
/* End PBXGroup section */

/* Begin PBXNativeTarget section */
		4A3C27331F96098E00880801 /* setValueforKey */ = {
			isa = PBXNativeTarget;
			buildConfigurationList = 4A3C27601F96098F00880801 /* Build configuration list for PBXNativeTarget "setValueforKey" */;
			buildPhases = (
				B1B66A25074310645D986E69 /* [CP] Check Pods Manifest.lock */,
				4A3C27301F96098E00880801 /* Sources */,
				4A3C27311F96098E00880801 /* Frameworks */,
				4A3C27321F96098E00880801 /* Resources */,
				02D6A82BF58707D03191F7A5 /* [CP] Embed Pods Frameworks */,
				7BEFDA6657956D887C37E6A8 /* [CP] Copy Pods Resources */,
			);
			buildRules = (
			);
			dependencies = (
			);
			name = setValueforKey;
			productName = setValueforKey;
			productReference = 4A3C27341F96098E00880801 /* setValueforKey.app */;
			productType = "com.apple.product-type.application";
		};
		4A3C274B1F96098E00880801 /* setValueforKeyTests */ = {
			isa = PBXNativeTarget;
			buildConfigurationList = 4A3C27631F96098F00880801 /* Build configuration list for PBXNativeTarget "setValueforKeyTests" */;
			buildPhases = (
				A33921B1DBB6F69C5894E48B /* [CP] Check Pods Manifest.lock */,
				4A3C27481F96098E00880801 /* Sources */,
				4A3C27491F96098E00880801 /* Frameworks */,
				4A3C274A1F96098E00880801 /* Resources */,
				F96716C611DBE9F6AB260E0D /* [CP] Embed Pods Frameworks */,
				1F4504EB6736B044DFA30F3F /* [CP] Copy Pods Resources */,
			);
			buildRules = (
			);
			dependencies = (
				4A3C274E1F96098E00880801 /* PBXTargetDependency */,
			);
			name = setValueforKeyTests;
			productName = setValueforKeyTests;
			productReference = 4A3C274C1F96098E00880801 /* setValueforKeyTests.xctest */;
			productType = "com.apple.product-type.bundle.unit-test";
		};
		4A3C27561F96098F00880801 /* setValueforKeyUITests */ = {
			isa = PBXNativeTarget;
			buildConfigurationList = 4A3C27661F96098F00880801 /* Build configuration list for PBXNativeTarget "setValueforKeyUITests" */;
			buildPhases = (
				42A866CFFC04D99EC42C0443 /* [CP] Check Pods Manifest.lock */,
				4A3C27531F96098F00880801 /* Sources */,
				4A3C27541F96098F00880801 /* Frameworks */,
				4A3C27551F96098F00880801 /* Resources */,
				960C46E5FD008DF861DC88F5 /* [CP] Embed Pods Frameworks */,
				10152DED0C2CF7C9A75B58E3 /* [CP] Copy Pods Resources */,
			);
			buildRules = (
			);
			dependencies = (
				4A3C27591F96098F00880801 /* PBXTargetDependency */,
			);
			name = setValueforKeyUITests;
			productName = setValueforKeyUITests;
			productReference = 4A3C27571F96098F00880801 /* setValueforKeyUITests.xctest */;
			productType = "com.apple.product-type.bundle.ui-testing";
		};
/* End PBXNativeTarget section */

/* Begin PBXProject section */
		4A3C272C1F96098E00880801 /* Project object */ = {
			isa = PBXProject;
			attributes = {
				LastUpgradeCheck = 0900;
				ORGANIZATIONNAME = APiX;
				TargetAttributes = {
					4A3C27331F96098E00880801 = {
						CreatedOnToolsVersion = 9.0.1;
						ProvisioningStyle = Automatic;
					};
					4A3C274B1F96098E00880801 = {
						CreatedOnToolsVersion = 9.0.1;
						ProvisioningStyle = Automatic;
						TestTargetID = 4A3C27331F96098E00880801;
					};
					4A3C27561F96098F00880801 = {
						CreatedOnToolsVersion = 9.0.1;
						ProvisioningStyle = Automatic;
						TestTargetID = 4A3C27331F96098E00880801;
					};
				};
			};
			buildConfigurationList = 4A3C272F1F96098E00880801 /* Build configuration list for PBXProject "setValueforKey" */;
			compatibilityVersion = "Xcode 8.0";
			developmentRegion = en;
			hasScannedForEncodings = 0;
			knownRegions = (
				en,
				Base,
			);
			mainGroup = 4A3C272B1F96098E00880801;
			productRefGroup = 4A3C27351F96098E00880801 /* Products */;
			projectDirPath = "";
			projectRoot = "";
			targets = (
				4A3C27331F96098E00880801 /* setValueforKey */,
				4A3C274B1F96098E00880801 /* setValueforKeyTests */,
				4A3C27561F96098F00880801 /* setValueforKeyUITests */,
			);
		};
/* End PBXProject section */

/* Begin PBXResourcesBuildPhase section */
		4A3C27321F96098E00880801 /* Resources */ = {
			isa = PBXResourcesBuildPhase;
			buildActionMask = 2147483647;
			files = (
				4A3C27441F96098E00880801 /* LaunchScreen.storyboard in Resources */,
				4A3C276D1F960FCB00880801 /* test.json in Resources */,
				4A3C27411F96098E00880801 /* Assets.xcassets in Resources */,
				4A3C273F1F96098E00880801 /* Main.storyboard in Resources */,
			);
			runOnlyForDeploymentPostprocessing = 0;
		};
		4A3C274A1F96098E00880801 /* Resources */ = {
			isa = PBXResourcesBuildPhase;
			buildActionMask = 2147483647;
			files = (
			);
			runOnlyForDeploymentPostprocessing = 0;
		};
		4A3C27551F96098F00880801 /* Resources */ = {
			isa = PBXResourcesBuildPhase;
			buildActionMask = 2147483647;
			files = (
			);
			runOnlyForDeploymentPostprocessing = 0;
		};
/* End PBXResourcesBuildPhase section */

/* Begin PBXShellScriptBuildPhase section */
		02D6A82BF58707D03191F7A5 /* [CP] Embed Pods Frameworks */ = {
			isa = PBXShellScriptBuildPhase;
			buildActionMask = 2147483647;
			files = (
			);
			inputPaths = (
			);
			name = "[CP] Embed Pods Frameworks";
			outputPaths = (
			);
			runOnlyForDeploymentPostprocessing = 0;
			shellPath = /bin/sh;
			shellScript = "\"${SRCROOT}/Pods/Target Support Files/Pods-setValueforKey/Pods-setValueforKey-frameworks.sh\"\n";
			showEnvVarsInLog = 0;
		};
		10152DED0C2CF7C9A75B58E3 /* [CP] Copy Pods Resources */ = {
			isa = PBXShellScriptBuildPhase;
			buildActionMask = 2147483647;
			files = (
			);
			inputPaths = (
			);
			name = "[CP] Copy Pods Resources";
			outputPaths = (
			);
			runOnlyForDeploymentPostprocessing = 0;
			shellPath = /bin/sh;
			shellScript = "\"${SRCROOT}/Pods/Target Support Files/Pods-setValueforKeyUITests/Pods-setValueforKeyUITests-resources.sh\"\n";
			showEnvVarsInLog = 0;
		};
		1F4504EB6736B044DFA30F3F /* [CP] Copy Pods Resources */ = {
			isa = PBXShellScriptBuildPhase;
			buildActionMask = 2147483647;
			files = (
			);
			inputPaths = (
			);
			name = "[CP] Copy Pods Resources";
			outputPaths = (
			);
			runOnlyForDeploymentPostprocessing = 0;
			shellPath = /bin/sh;
			shellScript = "\"${SRCROOT}/Pods/Target Support Files/Pods-setValueforKeyTests/Pods-setValueforKeyTests-resources.sh\"\n";
			showEnvVarsInLog = 0;
		};
		42A866CFFC04D99EC42C0443 /* [CP] Check Pods Manifest.lock */ = {
			isa = PBXShellScriptBuildPhase;
			buildActionMask = 2147483647;
			files = (
			);
			inputPaths = (
			);
			name = "[CP] Check Pods Manifest.lock";
			outputPaths = (
			);
			runOnlyForDeploymentPostprocessing = 0;
			shellPath = /bin/sh;
			shellScript = "diff \"${PODS_ROOT}/../Podfile.lock\" \"${PODS_ROOT}/Manifest.lock\" > /dev/null\nif [ $? != 0 ] ; then\n    # print error to STDERR\n    echo \"error: The sandbox is not in sync with the Podfile.lock. Run 'pod install' or update your CocoaPods installation.\" >&2\n    exit 1\nfi\n";
			showEnvVarsInLog = 0;
		};
		7BEFDA6657956D887C37E6A8 /* [CP] Copy Pods Resources */ = {
			isa = PBXShellScriptBuildPhase;
			buildActionMask = 2147483647;
			files = (
			);
			inputPaths = (
			);
			name = "[CP] Copy Pods Resources";
			outputPaths = (
			);
			runOnlyForDeploymentPostprocessing = 0;
			shellPath = /bin/sh;
			shellScript = "\"${SRCROOT}/Pods/Target Support Files/Pods-setValueforKey/Pods-setValueforKey-resources.sh\"\n";
			showEnvVarsInLog = 0;
		};
		960C46E5FD008DF861DC88F5 /* [CP] Embed Pods Frameworks */ = {
			isa = PBXShellScriptBuildPhase;
			buildActionMask = 2147483647;
			files = (
			);
			inputPaths = (
			);
			name = "[CP] Embed Pods Frameworks";
			outputPaths = (
			);
			runOnlyForDeploymentPostprocessing = 0;
			shellPath = /bin/sh;
			shellScript = "\"${SRCROOT}/Pods/Target Support Files/Pods-setValueforKeyUITests/Pods-setValueforKeyUITests-frameworks.sh\"\n";
			showEnvVarsInLog = 0;
		};
		A33921B1DBB6F69C5894E48B /* [CP] Check Pods Manifest.lock */ = {
			isa = PBXShellScriptBuildPhase;
			buildActionMask = 2147483647;
			files = (
			);
			inputPaths = (
			);
			name = "[CP] Check Pods Manifest.lock";
			outputPaths = (
			);
			runOnlyForDeploymentPostprocessing = 0;
			shellPath = /bin/sh;
			shellScript = "diff \"${PODS_ROOT}/../Podfile.lock\" \"${PODS_ROOT}/Manifest.lock\" > /dev/null\nif [ $? != 0 ] ; then\n    # print error to STDERR\n    echo \"error: The sandbox is not in sync with the Podfile.lock. Run 'pod install' or update your CocoaPods installation.\" >&2\n    exit 1\nfi\n";
			showEnvVarsInLog = 0;
		};
		B1B66A25074310645D986E69 /* [CP] Check Pods Manifest.lock */ = {
			isa = PBXShellScriptBuildPhase;
			buildActionMask = 2147483647;
			files = (
			);
			inputPaths = (
			);
			name = "[CP] Check Pods Manifest.lock";
			outputPaths = (
			);
			runOnlyForDeploymentPostprocessing = 0;
			shellPath = /bin/sh;
			shellScript = "diff \"${PODS_ROOT}/../Podfile.lock\" \"${PODS_ROOT}/Manifest.lock\" > /dev/null\nif [ $? != 0 ] ; then\n    # print error to STDERR\n    echo \"error: The sandbox is not in sync with the Podfile.lock. Run 'pod install' or update your CocoaPods installation.\" >&2\n    exit 1\nfi\n";
			showEnvVarsInLog = 0;
		};
		F96716C611DBE9F6AB260E0D /* [CP] Embed Pods Frameworks */ = {
			isa = PBXShellScriptBuildPhase;
			buildActionMask = 2147483647;
			files = (
			);
			inputPaths = (
			);
			name = "[CP] Embed Pods Frameworks";
			outputPaths = (
			);
			runOnlyForDeploymentPostprocessing = 0;
			shellPath = /bin/sh;
			shellScript = "\"${SRCROOT}/Pods/Target Support Files/Pods-setValueforKeyTests/Pods-setValueforKeyTests-frameworks.sh\"\n";
			showEnvVarsInLog = 0;
		};
/* End PBXShellScriptBuildPhase section */

/* Begin PBXSourcesBuildPhase section */
		4A3C27301F96098E00880801 /* Sources */ = {
			isa = PBXSourcesBuildPhase;
			buildActionMask = 2147483647;
			files = (
				4A3C273C1F96098E00880801 /* ViewController.m in Sources */,
				4A3C276B1F960A7500880801 /* AuthenticationModel.m in Sources */,
				4A3C27471F96098E00880801 /* main.m in Sources */,
				4A3C27391F96098E00880801 /* AppDelegate.m in Sources */,
			);
			runOnlyForDeploymentPostprocessing = 0;
		};
		4A3C27481F96098E00880801 /* Sources */ = {
			isa = PBXSourcesBuildPhase;
			buildActionMask = 2147483647;
			files = (
				4A3C27511F96098F00880801 /* setValueforKeyTests.m in Sources */,
			);
			runOnlyForDeploymentPostprocessing = 0;
		};
		4A3C27531F96098F00880801 /* Sources */ = {
			isa = PBXSourcesBuildPhase;
			buildActionMask = 2147483647;
			files = (
				4A3C275C1F96098F00880801 /* setValueforKeyUITests.m in Sources */,
			);
			runOnlyForDeploymentPostprocessing = 0;
		};
/* End PBXSourcesBuildPhase section */

/* Begin PBXTargetDependency section */
		4A3C274E1F96098E00880801 /* PBXTargetDependency */ = {
			isa = PBXTargetDependency;
			target = 4A3C27331F96098E00880801 /* setValueforKey */;
			targetProxy = 4A3C274D1F96098E00880801 /* PBXContainerItemProxy */;
		};
		4A3C27591F96098F00880801 /* PBXTargetDependency */ = {
			isa = PBXTargetDependency;
			target = 4A3C27331F96098E00880801 /* setValueforKey */;
			targetProxy = 4A3C27581F96098F00880801 /* PBXContainerItemProxy */;
		};
/* End PBXTargetDependency section */

/* Begin PBXVariantGroup section */
		4A3C273D1F96098E00880801 /* Main.storyboard */ = {
			isa = PBXVariantGroup;
			children = (
				4A3C273E1F96098E00880801 /* Base */,
			);
			name = Main.storyboard;
			sourceTree = "<group>";
		};
		4A3C27421F96098E00880801 /* LaunchScreen.storyboard */ = {
			isa = PBXVariantGroup;
			children = (
				4A3C27431F96098E00880801 /* Base */,
			);
			name = LaunchScreen.storyboard;
			sourceTree = "<group>";
		};
/* End PBXVariantGroup section */

/* Begin XCBuildConfiguration section */
		4A3C275E1F96098F00880801 /* Debug */ = {
			isa = XCBuildConfiguration;
			buildSettings = {
				ALWAYS_SEARCH_USER_PATHS = NO;
				CLANG_ANALYZER_NONNULL = YES;
				CLANG_ANALYZER_NUMBER_OBJECT_CONVERSION = YES_AGGRESSIVE;
				CLANG_CXX_LANGUAGE_STANDARD = "gnu++14";
				CLANG_CXX_LIBRARY = "libc++";
				CLANG_ENABLE_MODULES = YES;
				CLANG_ENABLE_OBJC_ARC = YES;
				CLANG_WARN_BLOCK_CAPTURE_AUTORELEASING = YES;
				CLANG_WARN_BOOL_CONVERSION = YES;
				CLANG_WARN_COMMA = YES;
				CLANG_WARN_CONSTANT_CONVERSION = YES;
				CLANG_WARN_DIRECT_OBJC_ISA_USAGE = YES_ERROR;
				CLANG_WARN_DOCUMENTATION_COMMENTS = YES;
				CLANG_WARN_EMPTY_BODY = YES;
				CLANG_WARN_ENUM_CONVERSION = YES;
				CLANG_WARN_INFINITE_RECURSION = YES;
				CLANG_WARN_INT_CONVERSION = YES;
				CLANG_WARN_NON_LITERAL_NULL_CONVERSION = YES;
				CLANG_WARN_OBJC_LITERAL_CONVERSION = YES;
				CLANG_WARN_OBJC_ROOT_CLASS = YES_ERROR;
				CLANG_WARN_RANGE_LOOP_ANALYSIS = YES;
				CLANG_WARN_STRICT_PROTOTYPES = YES;
				CLANG_WARN_SUSPICIOUS_MOVE = YES;
				CLANG_WARN_UNGUARDED_AVAILABILITY = YES_AGGRESSIVE;
				CLANG_WARN_UNREACHABLE_CODE = YES;
				CLANG_WARN__DUPLICATE_METHOD_MATCH = YES;
				CODE_SIGN_IDENTITY = "iPhone Developer";
				COPY_PHASE_STRIP = NO;
				DEBUG_INFORMATION_FORMAT = dwarf;
				ENABLE_STRICT_OBJC_MSGSEND = YES;
				ENABLE_TESTABILITY = YES;
				GCC_C_LANGUAGE_STANDARD = gnu11;
				GCC_DYNAMIC_NO_PIC = NO;
				GCC_NO_COMMON_BLOCKS = YES;
				GCC_OPTIMIZATION_LEVEL = 0;
				GCC_PREPROCESSOR_DEFINITIONS = (
					"DEBUG=1",
					"$(inherited)",
				);
				GCC_WARN_64_TO_32_BIT_CONVERSION = YES;
				GCC_WARN_ABOUT_RETURN_TYPE = YES_ERROR;
				GCC_WARN_UNDECLARED_SELECTOR = YES;
				GCC_WARN_UNINITIALIZED_AUTOS = YES_AGGRESSIVE;
				GCC_WARN_UNUSED_FUNCTION = YES;
				GCC_WARN_UNUSED_VARIABLE = YES;
				IPHONEOS_DEPLOYMENT_TARGET = 11.0;
				MTL_ENABLE_DEBUG_INFO = YES;
				ONLY_ACTIVE_ARCH = YES;
				SDKROOT = iphoneos;
			};
			name = Debug;
		};
		4A3C275F1F96098F00880801 /* Release */ = {
			isa = XCBuildConfiguration;
			buildSettings = {
				ALWAYS_SEARCH_USER_PATHS = NO;
				CLANG_ANALYZER_NONNULL = YES;
				CLANG_ANALYZER_NUMBER_OBJECT_CONVERSION = YES_AGGRESSIVE;
				CLANG_CXX_LANGUAGE_STANDARD = "gnu++14";
				CLANG_CXX_LIBRARY = "libc++";
				CLANG_ENABLE_MODULES = YES;
				CLANG_ENABLE_OBJC_ARC = YES;
				CLANG_WARN_BLOCK_CAPTURE_AUTORELEASING = YES;
				CLANG_WARN_BOOL_CONVERSION = YES;
				CLANG_WARN_COMMA = YES;
				CLANG_WARN_CONSTANT_CONVERSION = YES;
				CLANG_WARN_DIRECT_OBJC_ISA_USAGE = YES_ERROR;
				CLANG_WARN_DOCUMENTATION_COMMENTS = YES;
				CLANG_WARN_EMPTY_BODY = YES;
				CLANG_WARN_ENUM_CONVERSION = YES;
				CLANG_WARN_INFINITE_RECURSION = YES;
				CLANG_WARN_INT_CONVERSION = YES;
				CLANG_WARN_NON_LITERAL_NULL_CONVERSION = YES;
				CLANG_WARN_OBJC_LITERAL_CONVERSION = YES;
				CLANG_WARN_OBJC_ROOT_CLASS = YES_ERROR;
				CLANG_WARN_RANGE_LOOP_ANALYSIS = YES;
				CLANG_WARN_STRICT_PROTOTYPES = YES;
				CLANG_WARN_SUSPICIOUS_MOVE = YES;
				CLANG_WARN_UNGUARDED_AVAILABILITY = YES_AGGRESSIVE;
				CLANG_WARN_UNREACHABLE_CODE = YES;
				CLANG_WARN__DUPLICATE_METHOD_MATCH = YES;
				CODE_SIGN_IDENTITY = "iPhone Developer";
				COPY_PHASE_STRIP = NO;
				DEBUG_INFORMATION_FORMAT = "dwarf-with-dsym";
				ENABLE_NS_ASSERTIONS = NO;
				ENABLE_STRICT_OBJC_MSGSEND = YES;
				GCC_C_LANGUAGE_STANDARD = gnu11;
				GCC_NO_COMMON_BLOCKS = YES;
				GCC_WARN_64_TO_32_BIT_CONVERSION = YES;
				GCC_WARN_ABOUT_RETURN_TYPE = YES_ERROR;
				GCC_WARN_UNDECLARED_SELECTOR = YES;
				GCC_WARN_UNINITIALIZED_AUTOS = YES_AGGRESSIVE;
				GCC_WARN_UNUSED_FUNCTION = YES;
				GCC_WARN_UNUSED_VARIABLE = YES;
				IPHONEOS_DEPLOYMENT_TARGET = 11.0;
				MTL_ENABLE_DEBUG_INFO = NO;
				SDKROOT = iphoneos;
				VALIDATE_PRODUCT = YES;
			};
			name = Release;
		};
		4A3C27611F96098F00880801 /* Debug */ = {
			isa = XCBuildConfiguration;
			baseConfigurationReference = 9790662C1FE074A1C4273481 /* Pods-setValueforKey.debug.xcconfig */;
			buildSettings = {
				ASSETCATALOG_COMPILER_APPICON_NAME = AppIcon;
				CODE_SIGN_STYLE = Automatic;
				DEVELOPMENT_TEAM = QE4G9JLJ85;
				INFOPLIST_FILE = setValueforKey/Info.plist;
				LD_RUNPATH_SEARCH_PATHS = "$(inherited) @executable_path/Frameworks";
				PRODUCT_BUNDLE_IDENTIFIER = com.heige.setValueforKey;
				PRODUCT_NAME = "$(TARGET_NAME)";
				TARGETED_DEVICE_FAMILY = "1,2";
			};
			name = Debug;
		};
		4A3C27621F96098F00880801 /* Release */ = {
			isa = XCBuildConfiguration;
			baseConfigurationReference = C1CB083202E2023B91EAD27F /* Pods-setValueforKey.release.xcconfig */;
			buildSettings = {
				ASSETCATALOG_COMPILER_APPICON_NAME = AppIcon;
				CODE_SIGN_STYLE = Automatic;
				DEVELOPMENT_TEAM = QE4G9JLJ85;
				INFOPLIST_FILE = setValueforKey/Info.plist;
				LD_RUNPATH_SEARCH_PATHS = "$(inherited) @executable_path/Frameworks";
				PRODUCT_BUNDLE_IDENTIFIER = com.heige.setValueforKey;
				PRODUCT_NAME = "$(TARGET_NAME)";
				TARGETED_DEVICE_FAMILY = "1,2";
			};
			name = Release;
		};
		4A3C27641F96098F00880801 /* Debug */ = {
			isa = XCBuildConfiguration;
			baseConfigurationReference = 76B4B3F7AFEBC0D0E7B43877 /* Pods-setValueforKeyTests.debug.xcconfig */;
			buildSettings = {
				BUNDLE_LOADER = "$(TEST_HOST)";
				CODE_SIGN_STYLE = Automatic;
				DEVELOPMENT_TEAM = QE4G9JLJ85;
				INFOPLIST_FILE = setValueforKeyTests/Info.plist;
				LD_RUNPATH_SEARCH_PATHS = "$(inherited) @executable_path/Frameworks @loader_path/Frameworks";
				PRODUCT_BUNDLE_IDENTIFIER = com.heige.setValueforKeyTests;
				PRODUCT_NAME = "$(TARGET_NAME)";
				TARGETED_DEVICE_FAMILY = "1,2";
				TEST_HOST = "$(BUILT_PRODUCTS_DIR)/setValueforKey.app/setValueforKey";
			};
			name = Debug;
		};
		4A3C27651F96098F00880801 /* Release */ = {
			isa = XCBuildConfiguration;
			baseConfigurationReference = 9632B509042FBCC44C1E615C /* Pods-setValueforKeyTests.release.xcconfig */;
			buildSettings = {
				BUNDLE_LOADER = "$(TEST_HOST)";
				CODE_SIGN_STYLE = Automatic;
				DEVELOPMENT_TEAM = QE4G9JLJ85;
				INFOPLIST_FILE = setValueforKeyTests/Info.plist;
				LD_RUNPATH_SEARCH_PATHS = "$(inherited) @executable_path/Frameworks @loader_path/Frameworks";
				PRODUCT_BUNDLE_IDENTIFIER = com.heige.setValueforKeyTests;
				PRODUCT_NAME = "$(TARGET_NAME)";
				TARGETED_DEVICE_FAMILY = "1,2";
				TEST_HOST = "$(BUILT_PRODUCTS_DIR)/setValueforKey.app/setValueforKey";
			};
			name = Release;
		};
		4A3C27671F96098F00880801 /* Debug */ = {
			isa = XCBuildConfiguration;
			baseConfigurationReference = 136628101ECC9CC5783F94B5 /* Pods-setValueforKeyUITests.debug.xcconfig */;
			buildSettings = {
				CODE_SIGN_STYLE = Automatic;
				DEVELOPMENT_TEAM = QE4G9JLJ85;
				INFOPLIST_FILE = setValueforKeyUITests/Info.plist;
				LD_RUNPATH_SEARCH_PATHS = "$(inherited) @executable_path/Frameworks @loader_path/Frameworks";
				PRODUCT_BUNDLE_IDENTIFIER = com.heige.setValueforKeyUITests;
				PRODUCT_NAME = "$(TARGET_NAME)";
				TARGETED_DEVICE_FAMILY = "1,2";
				TEST_TARGET_NAME = setValueforKey;
			};
			name = Debug;
		};
		4A3C27681F96098F00880801 /* Release */ = {
			isa = XCBuildConfiguration;
			baseConfigurationReference = C6DB7E8D25C1950AD88C2D93 /* Pods-setValueforKeyUITests.release.xcconfig */;
			buildSettings = {
				CODE_SIGN_STYLE = Automatic;
				DEVELOPMENT_TEAM = QE4G9JLJ85;
				INFOPLIST_FILE = setValueforKeyUITests/Info.plist;
				LD_RUNPATH_SEARCH_PATHS = "$(inherited) @executable_path/Frameworks @loader_path/Frameworks";
				PRODUCT_BUNDLE_IDENTIFIER = com.heige.setValueforKeyUITests;
				PRODUCT_NAME = "$(TARGET_NAME)";
				TARGETED_DEVICE_FAMILY = "1,2";
				TEST_TARGET_NAME = setValueforKey;
			};
			name = Release;
		};
/* End XCBuildConfiguration section */

/* Begin XCConfigurationList section */
		4A3C272F1F96098E00880801 /* Build configuration list for PBXProject "setValueforKey" */ = {
			isa = XCConfigurationList;
			buildConfigurations = (
				4A3C275E1F96098F00880801 /* Debug */,
				4A3C275F1F96098F00880801 /* Release */,
			);
			defaultConfigurationIsVisible = 0;
			defaultConfigurationName = Release;
		};
		4A3C27601F96098F00880801 /* Build configuration list for PBXNativeTarget "setValueforKey" */ = {
			isa = XCConfigurationList;
			buildConfigurations = (
				4A3C27611F96098F00880801 /* Debug */,
				4A3C27621F96098F00880801 /* Release */,
			);
			defaultConfigurationIsVisible = 0;
			defaultConfigurationName = Release;
		};
		4A3C27631F96098F00880801 /* Build configuration list for PBXNativeTarget "setValueforKeyTests" */ = {
			isa = XCConfigurationList;
			buildConfigurations = (
				4A3C27641F96098F00880801 /* Debug */,
				4A3C27651F96098F00880801 /* Release */,
			);
			defaultConfigurationIsVisible = 0;
			defaultConfigurationName = Release;
		};
		4A3C27661F96098F00880801 /* Build configuration list for PBXNativeTarget "setValueforKeyUITests" */ = {
			isa = XCConfigurationList;
			buildConfigurations = (
				4A3C27671F96098F00880801 /* Debug */,
				4A3C27681F96098F00880801 /* Release */,
			);
			defaultConfigurationIsVisible = 0;
			defaultConfigurationName = Release;
		};
/* End XCConfigurationList section */
	};
	rootObject = 4A3C272C1F96098E00880801 /* Project object */;
}
